
Microsoft Visual Studio Solution File, Format Version 12.00
# Visual Studio Version 17
VisualStudioVersion = 17.9.34728.123
MinimumVisualStudioVersion = 10.0.40219.1
Project("{FAE04EC0-301F-11D3-BF4B-00C04F79EFBC}") = "gitapp", "gitapp.csproj", "{DE6DBC60-CB16-4336-A061-F48E2F1FAED1}"
EndProject
Global
	GlobalSection(SolutionConfigurationPlatforms) = preSolution
		Debug|Any CPU = Debug|Any CPU
		Release|Any CPU = Release|Any CPU
	EndGlobalSection
	GlobalSection(ProjectConfigurationPlatforms) = postSolution
		{DE6DBC60-CB16-4336-A061-F48E2F1FAED1}.Debug|Any CPU.ActiveCfg = Debug|Any CPU
		{DE6DBC60-CB16-4336-A061-F48E2F1FAED1}.Debug|Any CPU.Build.0 = Debug|Any CPU
		{DE6DBC60-CB16-4336-A061-F48E2F1FAED1}.Release|Any CPU.ActiveCfg = Release|Any CPU
		{DE6DBC60-CB16-4336-A061-F48E2F1FAED1}.Release|Any CPU.Build.0 = Release|Any CPU
	EndGlobalSection
	GlobalSection(SolutionProperties) = preSolution
		HideSolutionNode = FALSE
	EndGlobalSection
	GlobalSection(ExtensibilityGlobals) = postSolution
		SolutionGuid = {3A9373AF-2394-4421-9A3F-2B5073A40726}
	EndGlobalSection
EndGlobal
